{
  "requires": true,
  "lockfileVersion": 1,
  "dependencies": {
    "@babel/runtime": {
      "version": "7.3.1",
      "resolved": "https://registry.npmjs.org/@babel/runtime/-/runtime-7.3.1.tgz",
      "integrity": "sha512-7jGW8ppV0ant637pIqAcFfQDDH1orEPGJb8aXfUozuCU3QqX7rX4DA8iwrbPrR1hcH0FTTHz47yQnk+bl5xHQA==",
      "requires": {
        "regenerator-runtime": "^0.12.0"
      }
    },
    "@date-io/core": {
      "version": "1.0.2",
      "resolved": "https://registry.npmjs.org/@date-io/core/-/core-1.0.2.tgz",
      "integrity": "sha512-zhZczfCD/wapSzMhmbsFP4VrLauInavmLSPG1Y/XuGVF3+nuNuH3WtQ+ibsz0/+OgiJAm934OhmuBW1OPxUI5w=="
    },
    "@date-io/date-fns": {
      "version": "1.0.2",
      "resolved": "https://registry.npmjs.org/@date-io/date-fns/-/date-fns-1.0.2.tgz",
      "integrity": "sha512-tPCPxHEaxlz8xc6rJnWpbnh+Q0OekynkpilUAI0kISgmkY6Z70gqoAD9QX+OctVbLge77964J0HVTsk/W/VPIg==",
      "requires": {
        "@date-io/core": "^1.0.2"
      }
    },
    "@types/prop-types": {
      "version": "15.5.8",
      "resolved": "https://registry.npmjs.org/@types/prop-types/-/prop-types-15.5.8.tgz",
      "integrity": "sha512-3AQoUxQcQtLHsK25wtTWIoIpgYjH3vSDroZOUr7PpCHw/jLY1RB9z9E8dBT/OSmwStVgkRNvdh+ZHNiomRieaw=="
    },
    "@types/react": {
      "version": "16.8.1",
      "resolved": "https://registry.npmjs.org/@types/react/-/react-16.8.1.tgz",
      "integrity": "sha512-tD1ETKJcuhANOejRc/p7OgQ16DKnbGi0M3LccelKlPnUCDp2a5koVxZFoRN9HN+A+m84HB5VGN7I+r3nNhS3PA==",
      "requires": {
        "@types/prop-types": "*",
        "csstype": "^2.2.0"
      }
    },
    "@types/react-text-mask": {
      "version": "5.4.3",
      "resolved": "https://registry.npmjs.org/@types/react-text-mask/-/react-text-mask-5.4.3.tgz",
      "integrity": "sha512-+/uibOQ07X4om3+dPMpxUGdw76u4d4HQ9qCPs2syFtwmpTlnOyAJaIW89t+QX/DXI+Ar+SKch6A4stoLg5RdLw==",
      "requires": {
        "@types/react": "*"
      }
    },
    "clsx": {
      "version": "1.0.2",
      "resolved": "https://registry.npmjs.org/clsx/-/clsx-1.0.2.tgz",
      "integrity": "sha512-NQZV7ri2Gfufu9q1P9JDV4MHhdJvUukOadjAoN12pK37P12nrYp/mC05BSoekv0KX/5hGHAe2WQeOlhaWhXC5Q=="
    },
    "csstype": {
      "version": "2.6.2",
      "resolved": "https://registry.npmjs.org/csstype/-/csstype-2.6.2.tgz",
      "integrity": "sha512-Rl7PvTae0pflc1YtxtKbiSqq20Ts6vpIYOD5WBafl4y123DyHUeLrRdQP66sQW8/6gmX8jrYJLXwNeMqYVJcow=="
    },
    "date-fns": {
      "version": "2.0.0-alpha.25",
      "resolved": "https://registry.npmjs.org/date-fns/-/date-fns-2.0.0-alpha.25.tgz",
      "integrity": "sha512-iQzJkHF0L4wah9Ae9PkvwemwFz6qmRLuNZcghmvf2t+ptLs1qXzONLiGtjmPQzL6+JpC01JjlTopY2AEy4NFAg=="
    },
    "dom-helpers": {
      "version": "3.4.0",
      "resolved": "https://registry.npmjs.org/dom-helpers/-/dom-helpers-3.4.0.tgz",
      "integrity": "sha512-LnuPJ+dwqKDIyotW1VzmOZ5TONUN7CwkCR5hrgawTUbkBGYdeoNLZo6nNfGkCrjtE1nXXaj7iMMpDa8/d9WoIA==",
      "requires": {
        "@babel/runtime": "^7.1.2"
      }
    },
    "js-tokens": {
      "version": "4.0.0",
      "resolved": "https://registry.npmjs.org/js-tokens/-/js-tokens-4.0.0.tgz",
      "integrity": "sha512-RdJUflcE3cUzKiMqQgsCu06FPu9UdIJO0beYbPhHN4k6apgJtifcoCtT9bcxOpYBtpD2kCM6Sbzg4CausW/PKQ=="
    },
    "loose-envify": {
      "version": "1.4.0",
      "resolved": "https://registry.npmjs.org/loose-envify/-/loose-envify-1.4.0.tgz",
      "integrity": "sha512-lyuxPGr/Wfhrlem2CL/UcnUc1zcqKAImBDzukY7Y5F/yQiNdko6+fRLevlw1HgMySw7f611UIY408EtxRSoK3Q==",
      "requires": {
        "js-tokens": "^3.0.0 || ^4.0.0"
      }
    },
    "material-ui-pickers": {
      "version": "2.1.2",
      "resolved": "https://registry.npmjs.org/material-ui-pickers/-/material-ui-pickers-2.1.2.tgz",
      "integrity": "sha512-e0E/oZ+ETceVX8Af3Z2K6L+MTy5JUVQ/qKSeFAY1d9sti0Ix6zMLwaNpg2WurpLnis32yUKjqzEqOGbOkaDQow==",
      "requires": {
        "@types/react-text-mask": "^5.4.3",
        "clsx": "^1.0.1",
        "react-event-listener": "^0.6.5",
        "react-text-mask": "^5.4.3",
        "react-transition-group": "^2.5.3",
        "tslib": "^1.9.3"
      }
    },
    "object-assign": {
      "version": "4.1.1",
      "resolved": "https://registry.npmjs.org/object-assign/-/object-assign-4.1.1.tgz",
      "integrity": "sha1-IQmtx5ZYh8/AXLvUQsrIv7s2CGM="
    },
    "prop-types": {
      "version": "15.6.2",
      "resolved": "https://registry.npmjs.org/prop-types/-/prop-types-15.6.2.tgz",
      "integrity": "sha512-3pboPvLiWD7dkI3qf3KbUe6hKFKa52w+AE0VCqECtf+QHAKgOL37tTaNCnuX1nAAQ4ZhyP+kYVKf8rLmJ/feDQ==",
      "requires": {
        "loose-envify": "^1.3.1",
        "object-assign": "^4.1.1"
      }
    },
    "react-event-listener": {
      "version": "0.6.6",
      "resolved": "https://registry.npmjs.org/react-event-listener/-/react-event-listener-0.6.6.tgz",
      "integrity": "sha512-+hCNqfy7o9wvO6UgjqFmBzARJS7qrNoda0VqzvOuioEpoEXKutiKuv92dSz6kP7rYLmyHPyYNLesi5t/aH1gfw==",
      "requires": {
        "@babel/runtime": "^7.2.0",
        "prop-types": "^15.6.0",
        "warning": "^4.0.1"
      }
    },
    "react-lifecycles-compat": {
      "version": "3.0.4",
      "resolved": "https://registry.npmjs.org/react-lifecycles-compat/-/react-lifecycles-compat-3.0.4.tgz",
      "integrity": "sha512-fBASbA6LnOU9dOU2eW7aQ8xmYBSXUIWr+UmF9b1efZBazGNO+rcXT/icdKnYm2pTwcRylVUYwW7H1PHfLekVzA=="
    },
    "react-text-mask": {
      "version": "5.4.3",
      "resolved": "https://registry.npmjs.org/react-text-mask/-/react-text-mask-5.4.3.tgz",
      "integrity": "sha1-mR77QpnjDC5sLEbRP2FxaUY+DS0=",
      "requires": {
        "prop-types": "^15.5.6"
      }
    },
    "react-transition-group": {
      "version": "2.5.3",
      "resolved": "https://registry.npmjs.org/react-transition-group/-/react-transition-group-2.5.3.tgz",
      "integrity": "sha512-2DGFck6h99kLNr8pOFk+z4Soq3iISydwOFeeEVPjTN6+Y01CmvbWmnN02VuTWyFdnRtIDPe+wy2q6Ui8snBPZg==",
      "requires": {
        "dom-helpers": "^3.3.1",
        "loose-envify": "^1.4.0",
        "prop-types": "^15.6.2",
        "react-lifecycles-compat": "^3.0.4"
      }
    },
    "regenerator-runtime": {
      "version": "0.12.1",
      "resolved": "https://registry.npmjs.org/regenerator-runtime/-/regenerator-runtime-0.12.1.tgz",
      "integrity": "sha512-odxIc1/vDlo4iZcfXqRYFj0vpXFNoGdKMAUieAlFYO6m/nl5e9KR/beGf41z4a1FI+aQgtjhuaSlDxQ0hmkrHg=="
    },
    "tslib": {
      "version": "1.9.3",
      "resolved": "https://registry.npmjs.org/tslib/-/tslib-1.9.3.tgz",
      "integrity": "sha512-4krF8scpejhaOgqzBEcGM7yDIEfi0/8+8zDRZhNZZ2kjmHJ4hv3zCbQWxoJGz1iw5U0Jl0nma13xzHXcncMavQ=="
    },
    "warning": {
      "version": "4.0.2",
      "resolved": "https://registry.npmjs.org/warning/-/warning-4.0.2.tgz",
      "integrity": "sha512-wbTp09q/9C+jJn4KKJfJfoS6VleK/Dti0yqWSm6KMvJ4MRCXFQNapHuJXutJIrWV0Cf4AhTdeIe4qdKHR1+Hug==",
      "requires": {
        "loose-envify": "^1.0.0"
      }
    }
  }
}
